
Microsoft Visual Studio Solution File, Format Version 12.00
# Visual Studio Version 17
VisualStudioVersion = 17.0.32112.339
MinimumVisualStudioVersion = 10.0.40219.1
Project("{FAE04EC0-301F-11D3-BF4B-00C04F79EFBC}") = "Covid.Api", "Covid.Api\Covid.Api.csproj", "{DCF8BB4B-7525-48F9-B985-C7CFCCF4FF5F}"
EndProject
Project("{FAE04EC0-301F-11D3-BF4B-00C04F79EFBC}") = "Covid.Core", "Covid.Core\Covid.Core.csproj", "{ED19AD1C-9DA8-4BF2-B2CD-779007C46565}"
EndProject
Project("{FAE04EC0-301F-11D3-BF4B-00C04F79EFBC}") = "Covid.Data", "Covid.Data\Covid.Data.csproj", "{9EE7FDB7-8556-4134-837D-6F81ED5C38D8}"
EndProject
Project("{FAE04EC0-301F-11D3-BF4B-00C04F79EFBC}") = "Covid.Service", "Covid.Service\Covid.Service.csproj", "{049794B8-5377-41F3-BF9F-EDB22C22A931}"
EndProject
Global
	GlobalSection(SolutionConfigurationPlatforms) = preSolution
		Debug|Any CPU = Debug|Any CPU
		Release|Any CPU = Release|Any CPU
	EndGlobalSection
	GlobalSection(ProjectConfigurationPlatforms) = postSolution
		{DCF8BB4B-7525-48F9-B985-C7CFCCF4FF5F}.Debug|Any CPU.ActiveCfg = Debug|Any CPU
		{DCF8BB4B-7525-48F9-B985-C7CFCCF4FF5F}.Debug|Any CPU.Build.0 = Debug|Any CPU
		{DCF8BB4B-7525-48F9-B985-C7CFCCF4FF5F}.Release|Any CPU.ActiveCfg = Release|Any CPU
		{DCF8BB4B-7525-48F9-B985-C7CFCCF4FF5F}.Release|Any CPU.Build.0 = Release|Any CPU
		{ED19AD1C-9DA8-4BF2-B2CD-779007C46565}.Debug|Any CPU.ActiveCfg = Debug|Any CPU
		{ED19AD1C-9DA8-4BF2-B2CD-779007C46565}.Debug|Any CPU.Build.0 = Debug|Any CPU
		{ED19AD1C-9DA8-4BF2-B2CD-779007C46565}.Release|Any CPU.ActiveCfg = Release|Any CPU
		{ED19AD1C-9DA8-4BF2-B2CD-779007C46565}.Release|Any CPU.Build.0 = Release|Any CPU
		{9EE7FDB7-8556-4134-837D-6F81ED5C38D8}.Debug|Any CPU.ActiveCfg = Debug|Any CPU
		{9EE7FDB7-8556-4134-837D-6F81ED5C38D8}.Debug|Any CPU.Build.0 = Debug|Any CPU
		{9EE7FDB7-8556-4134-837D-6F81ED5C38D8}.Release|Any CPU.ActiveCfg = Release|Any CPU
		{9EE7FDB7-8556-4134-837D-6F81ED5C38D8}.Release|Any CPU.Build.0 = Release|Any CPU
		{049794B8-5377-41F3-BF9F-EDB22C22A931}.Debug|Any CPU.ActiveCfg = Debug|Any CPU
		{049794B8-5377-41F3-BF9F-EDB22C22A931}.Debug|Any CPU.Build.0 = Debug|Any CPU
		{049794B8-5377-41F3-BF9F-EDB22C22A931}.Release|Any CPU.ActiveCfg = Release|Any CPU
		{049794B8-5377-41F3-BF9F-EDB22C22A931}.Release|Any CPU.Build.0 = Release|Any CPU
	EndGlobalSection
	GlobalSection(SolutionProperties) = preSolution
		HideSolutionNode = FALSE
	EndGlobalSection
	GlobalSection(ExtensibilityGlobals) = postSolution
		SolutionGuid = {5FF9179F-880B-4C39-94C6-5E38F001924A}
	EndGlobalSection
EndGlobal
